
Microsoft Visual Studio Solution File, Format Version 12.00
# Visual Studio Version 16
VisualStudioVersion = 16.0.29613.14
MinimumVisualStudioVersion = 10.0.40219.1
Project("{8BC9CEB8-8B4A-11D0-8D11-00A0C91BC942}") = "BinarySearch", "BinarySearch\BinarySearch.vcxproj", "{41E1AFF0-F3E8-493E-8109-498AB1AC1C5A}"
EndProject
Project("{8BC9CEB8-8B4A-11D0-8D11-00A0C91BC942}") = "CounterSort", "CounterSort\CounterSort.vcxproj", "{A08C3246-019E-43D4-AD58-62291C90ACCF}"
EndProject
Project("{8BC9CEB8-8B4A-11D0-8D11-00A0C91BC942}") = "GraphDecomposition", "GraphSearch\GraphSearch.vcxproj", "{CF4EEDFC-B559-42A6-B1DE-BE9C1025014A}"
EndProject
Project("{8BC9CEB8-8B4A-11D0-8D11-00A0C91BC942}") = "GraphPath", "GraphPath\GraphPath.vcxproj", "{4749824D-E92C-4348-B2F6-3C2CF7DB1D18}"
EndProject
Project("{8BC9CEB8-8B4A-11D0-8D11-00A0C91BC942}") = "MergeSort", "MergeSort\MergeSort.vcxproj", "{E0055F64-3A38-459F-933A-5CAC2AA3EFBE}"
EndProject
Project("{8BC9CEB8-8B4A-11D0-8D11-00A0C91BC942}") = "Tree", "Tree\Tree.vcxproj", "{DDDCAFEF-4FA2-46DF-A7BB-E10836000C52}"
EndProject
Project("{8BC9CEB8-8B4A-11D0-8D11-00A0C91BC942}") = "QuickSort", "QuickSort\QuickSort.vcxproj", "{0CF2A577-0192-40F2-8344-A30B836E5512}"
EndProject
Project("{8BC9CEB8-8B4A-11D0-8D11-00A0C91BC942}") = "PrimaryCheck", "PrimaryCheck\PrimaryCheck.vcxproj", "{5919E183-9B70-4AFD-9E23-DF85AF3375C2}"
EndProject
Project("{8BC9CEB8-8B4A-11D0-8D11-00A0C91BC942}") = "DynamicProgramming", "DynamicProgramming\DynamicProgramming.vcxproj", "{5974E7AC-F4BD-4236-8F32-62C3F38432C0}"
EndProject
Project("{8BC9CEB8-8B4A-11D0-8D11-00A0C91BC942}") = "LinkedList", "LinkedList\LinkedList.vcxproj", "{A411251B-AA31-4A24-9F8B-06939F6612E9}"
EndProject
Project("{8BC9CEB8-8B4A-11D0-8D11-00A0C91BC942}") = "BinaryTree", "BinaryTree\BinaryTree.vcxproj", "{42213B14-0839-40A5-B891-12580D0EDFDF}"
EndProject
Project("{8BC9CEB8-8B4A-11D0-8D11-00A0C91BC942}") = "SegmentTreeOfArrays", "Arrays\Arrays.vcxproj", "{DA145BB8-6E64-4986-9391-9F12598A4311}"
EndProject
Project("{8BC9CEB8-8B4A-11D0-8D11-00A0C91BC942}") = "SegmentTree", "SegmentTree\SegmentTree.vcxproj", "{A72A21DD-1221-4D04-90F3-FF5862F19D75}"
EndProject
Project("{8BC9CEB8-8B4A-11D0-8D11-00A0C91BC942}") = "AVLtree", "AVLtree\AVLtree.vcxproj", "{11C3568E-32FF-4189-BD7A-F46F628A77AF}"
EndProject
Project("{8BC9CEB8-8B4A-11D0-8D11-00A0C91BC942}") = "ArraysLeftRotation", "ArraysLeftRotation\ArraysLeftRotation.vcxproj", "{B27C0928-15D5-4A30-A9D9-1C067626DB84}"
EndProject
Project("{8BC9CEB8-8B4A-11D0-8D11-00A0C91BC942}") = "AVL_Tree", "AVL_Tree\AVL_Tree.vcxproj", "{2879D5A4-3679-421F-80D5-0C7E2FBA322C}"
EndProject
Project("{8BC9CEB8-8B4A-11D0-8D11-00A0C91BC942}") = "CoinChange", "CoinChange\CoinChange.vcxproj", "{0509289A-4EAA-4DFF-AA4D-8FA68430F2DB}"
EndProject
Project("{8BC9CEB8-8B4A-11D0-8D11-00A0C91BC942}") = "ConnectedComponentLabeling", "ConnectedComponentLabeling\ConnectedComponentLabeling.vcxproj", "{506FC8F9-1BA4-41FF-B4DD-CA59CE947AFE}"
EndProject
Project("{8BC9CEB8-8B4A-11D0-8D11-00A0C91BC942}") = "DavisStaircase", "DavisStaircase\DavisStaircase.vcxproj", "{BA0E5CDD-8DDD-4CB6-9E14-7E5846C63412}"
EndProject
Project("{8BC9CEB8-8B4A-11D0-8D11-00A0C91BC942}") = "RunningMedian", "RunningMedian\RunningMedian.vcxproj", "{2C92EE10-63D6-4D88-A4FC-730038110464}"
EndProject
Project("{8BC9CEB8-8B4A-11D0-8D11-00A0C91BC942}") = "ShortestPathInGraph", "ShortestPathInGraph\ShortestPathInGraph.vcxproj", "{8C307657-E939-45C7-8D84-8A42EDFAF884}"
EndProject
Project("{8BC9CEB8-8B4A-11D0-8D11-00A0C91BC942}") = "TriesContactsCpp", "TriesContactsCpp\TriesContactsCpp.vcxproj", "{303D9DE7-0597-4DFA-A885-DB44D664A4E2}"
EndProject
Project("{FAE04EC0-301F-11D3-BF4B-00C04F79EFBC}") = "TriesContacts", "TriesContracts\TriesContacts.csproj", "{8F4B80A1-902C-4267-A6B5-0F9085B6D775}"
EndProject
Project("{888888A0-9F3D-457C-B088-3A5042F75D52}") = "SegmentTreePython", "NDimensionSegmentTree\SegmentTreePython.pyproj", "{5FF2829E-C16A-4B17-BF9D-06D194C2A45D}"
EndProject
Project("{888888A0-9F3D-457C-B088-3A5042F75D52}") = "DisjointSet_KruskalAlgo", "DisjointSet\DisjointSet_KruskalAlgo.pyproj", "{2682AF6B-EF44-45B5-8185-6BEA52E3B4D1}"
EndProject
Project("{8BC9CEB8-8B4A-11D0-8D11-00A0C91BC942}") = "DisjointSet", "DisjointSet\DisjointSet.vcxproj", "{81245C56-BBC3-42BB-9D13-09B51013A826}"
EndProject
Project("{8BC9CEB8-8B4A-11D0-8D11-00A0C91BC942}") = "KunduTree", "KunduTree\KunduTree.vcxproj", "{9BE9ABFA-46E2-4202-8485-E6105E09F2E8}"
EndProject
Project("{FAE04EC0-301F-11D3-BF4B-00C04F79EFBC}") = "HashSetIntersection", "HashSetIntersection\HashSetIntersection.csproj", "{AED05329-FF7A-4571-A607-609A35DF761C}"
EndProject
Project("{8BC9CEB8-8B4A-11D0-8D11-00A0C91BC942}") = "HashTable", "HashTable\HashTable.vcxproj", "{40AAF674-873A-4D7C-A5F6-0A6FF922EC3D}"
EndProject
Project("{8BC9CEB8-8B4A-11D0-8D11-00A0C91BC942}") = "FloydShortestPath", "FloydShortestPath\FloydShortestPath.vcxproj", "{78F0E2BF-1BE7-4DD3-8044-FF7FCA49F470}"
EndProject
Project("{8BC9CEB8-8B4A-11D0-8D11-00A0C91BC942}") = "BellmanFordGraphPath", "BellmanFordGraphPath\BellmanFordGraphPath.vcxproj", "{2065EFE2-FEEB-438C-9BEB-58DA21FB5069}"
EndProject
Project("{888888A0-9F3D-457C-B088-3A5042F75D52}") = "KnapSackProblem", "KnapSackProblem\KnapSackProblem.pyproj", "{2FA2E585-3ED9-4827-B3ED-7B2DD4C101C2}"
EndProject
Project("{8BC9CEB8-8B4A-11D0-8D11-00A0C91BC942}") = "RangeIntersection", "RangeIntersection\RangeIntersection.vcxproj", "{7066FCB8-CB3F-4513-A980-BCC86B9782B9}"
EndProject
Project("{8BC9CEB8-8B4A-11D0-8D11-00A0C91BC942}") = "CharSequence", "CharSequence\CharSequence.vcxproj", "{B37B4C11-E1F5-4508-9EAE-D4E4FA67666C}"
EndProject
Project("{9A19103F-16F7-4668-BE54-9A1E7A4F7556}") = "BacktrackingKnightsTour", "BacktrackingKnightsTour\BacktrackingKnightsTour.csproj", "{EBD214D6-A6F1-43BF-A3AD-60D5410AC244}"
EndProject
Project("{9A19103F-16F7-4668-BE54-9A1E7A4F7556}") = "KnapSack", "KnapSackBranchandBounds\KnapSack.csproj", "{B71081EE-402E-4106-AC15-8BAA7B0A6FBF}"
EndProject
Global
	GlobalSection(SolutionConfigurationPlatforms) = preSolution
		Debug|Any CPU = Debug|Any CPU
		Debug|x64 = Debug|x64
		Debug|x86 = Debug|x86
		Release|Any CPU = Release|Any CPU
		Release|x64 = Release|x64
		Release|x86 = Release|x86
	EndGlobalSection
	GlobalSection(ProjectConfigurationPlatforms) = postSolution
		{41E1AFF0-F3E8-493E-8109-498AB1AC1C5A}.Debug|Any CPU.ActiveCfg = Debug|Win32
		{41E1AFF0-F3E8-493E-8109-498AB1AC1C5A}.Debug|x64.ActiveCfg = Debug|x64
		{41E1AFF0-F3E8-493E-8109-498AB1AC1C5A}.Debug|x64.Build.0 = Debug|x64
		{41E1AFF0-F3E8-493E-8109-498AB1AC1C5A}.Debug|x86.ActiveCfg = Debug|Win32
		{41E1AFF0-F3E8-493E-8109-498AB1AC1C5A}.Debug|x86.Build.0 = Debug|Win32
		{41E1AFF0-F3E8-493E-8109-498AB1AC1C5A}.Release|Any CPU.ActiveCfg = Release|Win32
		{41E1AFF0-F3E8-493E-8109-498AB1AC1C5A}.Release|x64.ActiveCfg = Release|x64
		{41E1AFF0-F3E8-493E-8109-498AB1AC1C5A}.Release|x64.Build.0 = Release|x64
		{41E1AFF0-F3E8-493E-8109-498AB1AC1C5A}.Release|x86.ActiveCfg = Release|Win32
		{41E1AFF0-F3E8-493E-8109-498AB1AC1C5A}.Release|x86.Build.0 = Release|Win32
		{A08C3246-019E-43D4-AD58-62291C90ACCF}.Debug|Any CPU.ActiveCfg = Debug|Win32
		{A08C3246-019E-43D4-AD58-62291C90ACCF}.Debug|x64.ActiveCfg = Debug|x64
		{A08C3246-019E-43D4-AD58-62291C90ACCF}.Debug|x64.Build.0 = Debug|x64
		{A08C3246-019E-43D4-AD58-62291C90ACCF}.Debug|x86.ActiveCfg = Debug|Win32
		{A08C3246-019E-43D4-AD58-62291C90ACCF}.Debug|x86.Build.0 = Debug|Win32
		{A08C3246-019E-43D4-AD58-62291C90ACCF}.Release|Any CPU.ActiveCfg = Release|Win32
		{A08C3246-019E-43D4-AD58-62291C90ACCF}.Release|x64.ActiveCfg = Release|x64
		{A08C3246-019E-43D4-AD58-62291C90ACCF}.Release|x64.Build.0 = Release|x64
		{A08C3246-019E-43D4-AD58-62291C90ACCF}.Release|x86.ActiveCfg = Release|Win32
		{A08C3246-019E-43D4-AD58-62291C90ACCF}.Release|x86.Build.0 = Release|Win32
		{CF4EEDFC-B559-42A6-B1DE-BE9C1025014A}.Debug|Any CPU.ActiveCfg = Debug|Win32
		{CF4EEDFC-B559-42A6-B1DE-BE9C1025014A}.Debug|x64.ActiveCfg = Debug|x64
		{CF4EEDFC-B559-42A6-B1DE-BE9C1025014A}.Debug|x64.Build.0 = Debug|x64
		{CF4EEDFC-B559-42A6-B1DE-BE9C1025014A}.Debug|x86.ActiveCfg = Debug|Win32
		{CF4EEDFC-B559-42A6-B1DE-BE9C1025014A}.Debug|x86.Build.0 = Debug|Win32
		{CF4EEDFC-B559-42A6-B1DE-BE9C1025014A}.Release|Any CPU.ActiveCfg = Release|Win32
		{CF4EEDFC-B559-42A6-B1DE-BE9C1025014A}.Release|x64.ActiveCfg = Release|x64
		{CF4EEDFC-B559-42A6-B1DE-BE9C1025014A}.Release|x64.Build.0 = Release|x64
		{CF4EEDFC-B559-42A6-B1DE-BE9C1025014A}.Release|x86.ActiveCfg = Release|Win32
		{CF4EEDFC-B559-42A6-B1DE-BE9C1025014A}.Release|x86.Build.0 = Release|Win32
		{4749824D-E92C-4348-B2F6-3C2CF7DB1D18}.Debug|Any CPU.ActiveCfg = Debug|Win32
		{4749824D-E92C-4348-B2F6-3C2CF7DB1D18}.Debug|x64.ActiveCfg = Debug|x64
		{4749824D-E92C-4348-B2F6-3C2CF7DB1D18}.Debug|x64.Build.0 = Debug|x64
		{4749824D-E92C-4348-B2F6-3C2CF7DB1D18}.Debug|x86.ActiveCfg = Debug|Win32
		{4749824D-E92C-4348-B2F6-3C2CF7DB1D18}.Debug|x86.Build.0 = Debug|Win32
		{4749824D-E92C-4348-B2F6-3C2CF7DB1D18}.Release|Any CPU.ActiveCfg = Release|Win32
		{4749824D-E92C-4348-B2F6-3C2CF7DB1D18}.Release|x64.ActiveCfg = Release|x64
		{4749824D-E92C-4348-B2F6-3C2CF7DB1D18}.Release|x64.Build.0 = Release|x64
		{4749824D-E92C-4348-B2F6-3C2CF7DB1D18}.Release|x86.ActiveCfg = Release|Win32
		{4749824D-E92C-4348-B2F6-3C2CF7DB1D18}.Release|x86.Build.0 = Release|Win32
		{E0055F64-3A38-459F-933A-5CAC2AA3EFBE}.Debug|Any CPU.ActiveCfg = Debug|Win32
		{E0055F64-3A38-459F-933A-5CAC2AA3EFBE}.Debug|x64.ActiveCfg = Debug|x64
		{E0055F64-3A38-459F-933A-5CAC2AA3EFBE}.Debug|x64.Build.0 = Debug|x64
		{E0055F64-3A38-459F-933A-5CAC2AA3EFBE}.Debug|x86.ActiveCfg = Debug|Win32
		{E0055F64-3A38-459F-933A-5CAC2AA3EFBE}.Debug|x86.Build.0 = Debug|Win32
		{E0055F64-3A38-459F-933A-5CAC2AA3EFBE}.Release|Any CPU.ActiveCfg = Release|Win32
		{E0055F64-3A38-459F-933A-5CAC2AA3EFBE}.Release|x64.ActiveCfg = Release|x64
		{E0055F64-3A38-459F-933A-5CAC2AA3EFBE}.Release|x64.Build.0 = Release|x64
		{E0055F64-3A38-459F-933A-5CAC2AA3EFBE}.Release|x86.ActiveCfg = Release|Win32
		{E0055F64-3A38-459F-933A-5CAC2AA3EFBE}.Release|x86.Build.0 = Release|Win32
		{DDDCAFEF-4FA2-46DF-A7BB-E10836000C52}.Debug|Any CPU.ActiveCfg = Debug|Win32
		{DDDCAFEF-4FA2-46DF-A7BB-E10836000C52}.Debug|x64.ActiveCfg = Debug|x64
		{DDDCAFEF-4FA2-46DF-A7BB-E10836000C52}.Debug|x64.Build.0 = Debug|x64
		{DDDCAFEF-4FA2-46DF-A7BB-E10836000C52}.Debug|x86.ActiveCfg = Debug|Win32
		{DDDCAFEF-4FA2-46DF-A7BB-E10836000C52}.Debug|x86.Build.0 = Debug|Win32
		{DDDCAFEF-4FA2-46DF-A7BB-E10836000C52}.Release|Any CPU.ActiveCfg = Release|Win32
		{DDDCAFEF-4FA2-46DF-A7BB-E10836000C52}.Release|x64.ActiveCfg = Release|x64
		{DDDCAFEF-4FA2-46DF-A7BB-E10836000C52}.Release|x64.Build.0 = Release|x64
		{DDDCAFEF-4FA2-46DF-A7BB-E10836000C52}.Release|x86.ActiveCfg = Release|Win32
		{DDDCAFEF-4FA2-46DF-A7BB-E10836000C52}.Release|x86.Build.0 = Release|Win32
		{0CF2A577-0192-40F2-8344-A30B836E5512}.Debug|Any CPU.ActiveCfg = Debug|Win32
		{0CF2A577-0192-40F2-8344-A30B836E5512}.Debug|x64.ActiveCfg = Debug|x64
		{0CF2A577-0192-40F2-8344-A30B836E5512}.Debug|x64.Build.0 = Debug|x64
		{0CF2A577-0192-40F2-8344-A30B836E5512}.Debug|x86.ActiveCfg = Debug|Win32
		{0CF2A577-0192-40F2-8344-A30B836E5512}.Debug|x86.Build.0 = Debug|Win32
		{0CF2A577-0192-40F2-8344-A30B836E5512}.Release|Any CPU.ActiveCfg = Release|Win32
		{0CF2A577-0192-40F2-8344-A30B836E5512}.Release|x64.ActiveCfg = Release|x64
		{0CF2A577-0192-40F2-8344-A30B836E5512}.Release|x64.Build.0 = Release|x64
		{0CF2A577-0192-40F2-8344-A30B836E5512}.Release|x86.ActiveCfg = Release|Win32
		{0CF2A577-0192-40F2-8344-A30B836E5512}.Release|x86.Build.0 = Release|Win32
		{5919E183-9B70-4AFD-9E23-DF85AF3375C2}.Debug|Any CPU.ActiveCfg = Debug|Win32
		{5919E183-9B70-4AFD-9E23-DF85AF3375C2}.Debug|x64.ActiveCfg = Debug|x64
		{5919E183-9B70-4AFD-9E23-DF85AF3375C2}.Debug|x64.Build.0 = Debug|x64
		{5919E183-9B70-4AFD-9E23-DF85AF3375C2}.Debug|x86.ActiveCfg = Debug|Win32
		{5919E183-9B70-4AFD-9E23-DF85AF3375C2}.Debug|x86.Build.0 = Debug|Win32
		{5919E183-9B70-4AFD-9E23-DF85AF3375C2}.Release|Any CPU.ActiveCfg = Release|Win32
		{5919E183-9B70-4AFD-9E23-DF85AF3375C2}.Release|x64.ActiveCfg = Release|x64
		{5919E183-9B70-4AFD-9E23-DF85AF3375C2}.Release|x64.Build.0 = Release|x64
		{5919E183-9B70-4AFD-9E23-DF85AF3375C2}.Release|x86.ActiveCfg = Release|Win32
		{5919E183-9B70-4AFD-9E23-DF85AF3375C2}.Release|x86.Build.0 = Release|Win32
		{5974E7AC-F4BD-4236-8F32-62C3F38432C0}.Debug|Any CPU.ActiveCfg = Debug|Win32
		{5974E7AC-F4BD-4236-8F32-62C3F38432C0}.Debug|x64.ActiveCfg = Debug|x64
		{5974E7AC-F4BD-4236-8F32-62C3F38432C0}.Debug|x64.Build.0 = Debug|x64
		{5974E7AC-F4BD-4236-8F32-62C3F38432C0}.Debug|x86.ActiveCfg = Debug|Win32
		{5974E7AC-F4BD-4236-8F32-62C3F38432C0}.Debug|x86.Build.0 = Debug|Win32
		{5974E7AC-F4BD-4236-8F32-62C3F38432C0}.Release|Any CPU.ActiveCfg = Release|Win32
		{5974E7AC-F4BD-4236-8F32-62C3F38432C0}.Release|x64.ActiveCfg = Release|x64
		{5974E7AC-F4BD-4236-8F32-62C3F38432C0}.Release|x64.Build.0 = Release|x64
		{5974E7AC-F4BD-4236-8F32-62C3F38432C0}.Release|x86.ActiveCfg = Release|Win32
		{5974E7AC-F4BD-4236-8F32-62C3F38432C0}.Release|x86.Build.0 = Release|Win32
		{A411251B-AA31-4A24-9F8B-06939F6612E9}.Debug|Any CPU.ActiveCfg = Debug|Win32
		{A411251B-AA31-4A24-9F8B-06939F6612E9}.Debug|x64.ActiveCfg = Debug|x64
		{A411251B-AA31-4A24-9F8B-06939F6612E9}.Debug|x64.Build.0 = Debug|x64
		{A411251B-AA31-4A24-9F8B-06939F6612E9}.Debug|x86.ActiveCfg = Debug|Win32
		{A411251B-AA31-4A24-9F8B-06939F6612E9}.Debug|x86.Build.0 = Debug|Win32
		{A411251B-AA31-4A24-9F8B-06939F6612E9}.Release|Any CPU.ActiveCfg = Release|Win32
		{A411251B-AA31-4A24-9F8B-06939F6612E9}.Release|x64.ActiveCfg = Release|x64
		{A411251B-AA31-4A24-9F8B-06939F6612E9}.Release|x64.Build.0 = Release|x64
		{A411251B-AA31-4A24-9F8B-06939F6612E9}.Release|x86.ActiveCfg = Release|Win32
		{A411251B-AA31-4A24-9F8B-06939F6612E9}.Release|x86.Build.0 = Release|Win32
		{42213B14-0839-40A5-B891-12580D0EDFDF}.Debug|Any CPU.ActiveCfg = Debug|Win32
		{42213B14-0839-40A5-B891-12580D0EDFDF}.Debug|x64.ActiveCfg = Debug|x64
		{42213B14-0839-40A5-B891-12580D0EDFDF}.Debug|x64.Build.0 = Debug|x64
		{42213B14-0839-40A5-B891-12580D0EDFDF}.Debug|x86.ActiveCfg = Debug|Win32
		{42213B14-0839-40A5-B891-12580D0EDFDF}.Debug|x86.Build.0 = Debug|Win32
		{42213B14-0839-40A5-B891-12580D0EDFDF}.Release|Any CPU.ActiveCfg = Release|Win32
		{42213B14-0839-40A5-B891-12580D0EDFDF}.Release|x64.ActiveCfg = Release|x64
		{42213B14-0839-40A5-B891-12580D0EDFDF}.Release|x64.Build.0 = Release|x64
		{42213B14-0839-40A5-B891-12580D0EDFDF}.Release|x86.ActiveCfg = Release|Win32
		{42213B14-0839-40A5-B891-12580D0EDFDF}.Release|x86.Build.0 = Release|Win32
		{DA145BB8-6E64-4986-9391-9F12598A4311}.Debug|Any CPU.ActiveCfg = Debug|Win32
		{DA145BB8-6E64-4986-9391-9F12598A4311}.Debug|x64.ActiveCfg = Debug|x64
		{DA145BB8-6E64-4986-9391-9F12598A4311}.Debug|x64.Build.0 = Debug|x64
		{DA145BB8-6E64-4986-9391-9F12598A4311}.Debug|x86.ActiveCfg = Debug|Win32
		{DA145BB8-6E64-4986-9391-9F12598A4311}.Debug|x86.Build.0 = Debug|Win32
		{DA145BB8-6E64-4986-9391-9F12598A4311}.Release|Any CPU.ActiveCfg = Release|Win32
		{DA145BB8-6E64-4986-9391-9F12598A4311}.Release|x64.ActiveCfg = Release|x64
		{DA145BB8-6E64-4986-9391-9F12598A4311}.Release|x64.Build.0 = Release|x64
		{DA145BB8-6E64-4986-9391-9F12598A4311}.Release|x86.ActiveCfg = Release|Win32
		{DA145BB8-6E64-4986-9391-9F12598A4311}.Release|x86.Build.0 = Release|Win32
		{A72A21DD-1221-4D04-90F3-FF5862F19D75}.Debug|Any CPU.ActiveCfg = Debug|Win32
		{A72A21DD-1221-4D04-90F3-FF5862F19D75}.Debug|x64.ActiveCfg = Debug|x64
		{A72A21DD-1221-4D04-90F3-FF5862F19D75}.Debug|x64.Build.0 = Debug|x64
		{A72A21DD-1221-4D04-90F3-FF5862F19D75}.Debug|x86.ActiveCfg = Debug|Win32
		{A72A21DD-1221-4D04-90F3-FF5862F19D75}.Debug|x86.Build.0 = Debug|Win32
		{A72A21DD-1221-4D04-90F3-FF5862F19D75}.Release|Any CPU.ActiveCfg = Release|Win32
		{A72A21DD-1221-4D04-90F3-FF5862F19D75}.Release|x64.ActiveCfg = Release|x64
		{A72A21DD-1221-4D04-90F3-FF5862F19D75}.Release|x64.Build.0 = Release|x64
		{A72A21DD-1221-4D04-90F3-FF5862F19D75}.Release|x86.ActiveCfg = Release|Win32
		{A72A21DD-1221-4D04-90F3-FF5862F19D75}.Release|x86.Build.0 = Release|Win32
		{11C3568E-32FF-4189-BD7A-F46F628A77AF}.Debug|Any CPU.ActiveCfg = Debug|Win32
		{11C3568E-32FF-4189-BD7A-F46F628A77AF}.Debug|x64.ActiveCfg = Debug|x64
		{11C3568E-32FF-4189-BD7A-F46F628A77AF}.Debug|x64.Build.0 = Debug|x64
		{11C3568E-32FF-4189-BD7A-F46F628A77AF}.Debug|x86.ActiveCfg = Debug|Win32
		{11C3568E-32FF-4189-BD7A-F46F628A77AF}.Debug|x86.Build.0 = Debug|Win32
		{11C3568E-32FF-4189-BD7A-F46F628A77AF}.Release|Any CPU.ActiveCfg = Release|Win32
		{11C3568E-32FF-4189-BD7A-F46F628A77AF}.Release|x64.ActiveCfg = Release|x64
		{11C3568E-32FF-4189-BD7A-F46F628A77AF}.Release|x64.Build.0 = Release|x64
		{11C3568E-32FF-4189-BD7A-F46F628A77AF}.Release|x86.ActiveCfg = Release|Win32
		{11C3568E-32FF-4189-BD7A-F46F628A77AF}.Release|x86.Build.0 = Release|Win32
		{B27C0928-15D5-4A30-A9D9-1C067626DB84}.Debug|Any CPU.ActiveCfg = Debug|Win32
		{B27C0928-15D5-4A30-A9D9-1C067626DB84}.Debug|x64.ActiveCfg = Debug|x64
		{B27C0928-15D5-4A30-A9D9-1C067626DB84}.Debug|x64.Build.0 = Debug|x64
		{B27C0928-15D5-4A30-A9D9-1C067626DB84}.Debug|x86.ActiveCfg = Debug|Win32
		{B27C0928-15D5-4A30-A9D9-1C067626DB84}.Debug|x86.Build.0 = Debug|Win32
		{B27C0928-15D5-4A30-A9D9-1C067626DB84}.Release|Any CPU.ActiveCfg = Release|Win32
		{B27C0928-15D5-4A30-A9D9-1C067626DB84}.Release|x64.ActiveCfg = Release|x64
		{B27C0928-15D5-4A30-A9D9-1C067626DB84}.Release|x64.Build.0 = Release|x64
		{B27C0928-15D5-4A30-A9D9-1C067626DB84}.Release|x86.ActiveCfg = Release|Win32
		{B27C0928-15D5-4A30-A9D9-1C067626DB84}.Release|x86.Build.0 = Release|Win32
		{2879D5A4-3679-421F-80D5-0C7E2FBA322C}.Debug|Any CPU.ActiveCfg = Debug|Win32
		{2879D5A4-3679-421F-80D5-0C7E2FBA322C}.Debug|x64.ActiveCfg = Debug|x64
		{2879D5A4-3679-421F-80D5-0C7E2FBA322C}.Debug|x64.Build.0 = Debug|x64
		{2879D5A4-3679-421F-80D5-0C7E2FBA322C}.Debug|x86.ActiveCfg = Debug|Win32
		{2879D5A4-3679-421F-80D5-0C7E2FBA322C}.Debug|x86.Build.0 = Debug|Win32
		{2879D5A4-3679-421F-80D5-0C7E2FBA322C}.Release|Any CPU.ActiveCfg = Release|Win32
		{2879D5A4-3679-421F-80D5-0C7E2FBA322C}.Release|x64.ActiveCfg = Release|x64
		{2879D5A4-3679-421F-80D5-0C7E2FBA322C}.Release|x64.Build.0 = Release|x64
		{2879D5A4-3679-421F-80D5-0C7E2FBA322C}.Release|x86.ActiveCfg = Release|Win32
		{2879D5A4-3679-421F-80D5-0C7E2FBA322C}.Release|x86.Build.0 = Release|Win32
		{0509289A-4EAA-4DFF-AA4D-8FA68430F2DB}.Debug|Any CPU.ActiveCfg = Debug|Win32
		{0509289A-4EAA-4DFF-AA4D-8FA68430F2DB}.Debug|x64.ActiveCfg = Debug|x64
		{0509289A-4EAA-4DFF-AA4D-8FA68430F2DB}.Debug|x64.Build.0 = Debug|x64
		{0509289A-4EAA-4DFF-AA4D-8FA68430F2DB}.Debug|x86.ActiveCfg = Debug|Win32
		{0509289A-4EAA-4DFF-AA4D-8FA68430F2DB}.Debug|x86.Build.0 = Debug|Win32
		{0509289A-4EAA-4DFF-AA4D-8FA68430F2DB}.Release|Any CPU.ActiveCfg = Release|Win32
		{0509289A-4EAA-4DFF-AA4D-8FA68430F2DB}.Release|x64.ActiveCfg = Release|x64
		{0509289A-4EAA-4DFF-AA4D-8FA68430F2DB}.Release|x64.Build.0 = Release|x64
		{0509289A-4EAA-4DFF-AA4D-8FA68430F2DB}.Release|x86.ActiveCfg = Release|Win32
		{0509289A-4EAA-4DFF-AA4D-8FA68430F2DB}.Release|x86.Build.0 = Release|Win32
		{506FC8F9-1BA4-41FF-B4DD-CA59CE947AFE}.Debug|Any CPU.ActiveCfg = Debug|Win32
		{506FC8F9-1BA4-41FF-B4DD-CA59CE947AFE}.Debug|x64.ActiveCfg = Debug|x64
		{506FC8F9-1BA4-41FF-B4DD-CA59CE947AFE}.Debug|x64.Build.0 = Debug|x64
		{506FC8F9-1BA4-41FF-B4DD-CA59CE947AFE}.Debug|x86.ActiveCfg = Debug|Win32
		{506FC8F9-1BA4-41FF-B4DD-CA59CE947AFE}.Debug|x86.Build.0 = Debug|Win32
		{506FC8F9-1BA4-41FF-B4DD-CA59CE947AFE}.Release|Any CPU.ActiveCfg = Release|Win32
		{506FC8F9-1BA4-41FF-B4DD-CA59CE947AFE}.Release|x64.ActiveCfg = Release|x64
		{506FC8F9-1BA4-41FF-B4DD-CA59CE947AFE}.Release|x64.Build.0 = Release|x64
		{506FC8F9-1BA4-41FF-B4DD-CA59CE947AFE}.Release|x86.ActiveCfg = Release|Win32
		{506FC8F9-1BA4-41FF-B4DD-CA59CE947AFE}.Release|x86.Build.0 = Release|Win32
		{BA0E5CDD-8DDD-4CB6-9E14-7E5846C63412}.Debug|Any CPU.ActiveCfg = Debug|Win32
		{BA0E5CDD-8DDD-4CB6-9E14-7E5846C63412}.Debug|x64.ActiveCfg = Debug|x64
		{BA0E5CDD-8DDD-4CB6-9E14-7E5846C63412}.Debug|x64.Build.0 = Debug|x64
		{BA0E5CDD-8DDD-4CB6-9E14-7E5846C63412}.Debug|x86.ActiveCfg = Debug|Win32
		{BA0E5CDD-8DDD-4CB6-9E14-7E5846C63412}.Debug|x86.Build.0 = Debug|Win32
		{BA0E5CDD-8DDD-4CB6-9E14-7E5846C63412}.Release|Any CPU.ActiveCfg = Release|Win32
		{BA0E5CDD-8DDD-4CB6-9E14-7E5846C63412}.Release|x64.ActiveCfg = Release|x64
		{BA0E5CDD-8DDD-4CB6-9E14-7E5846C63412}.Release|x64.Build.0 = Release|x64
		{BA0E5CDD-8DDD-4CB6-9E14-7E5846C63412}.Release|x86.ActiveCfg = Release|Win32
		{BA0E5CDD-8DDD-4CB6-9E14-7E5846C63412}.Release|x86.Build.0 = Release|Win32
		{2C92EE10-63D6-4D88-A4FC-730038110464}.Debug|Any CPU.ActiveCfg = Debug|Win32
		{2C92EE10-63D6-4D88-A4FC-730038110464}.Debug|x64.ActiveCfg = Debug|x64
		{2C92EE10-63D6-4D88-A4FC-730038110464}.Debug|x64.Build.0 = Debug|x64
		{2C92EE10-63D6-4D88-A4FC-730038110464}.Debug|x86.ActiveCfg = Debug|Win32
		{2C92EE10-63D6-4D88-A4FC-730038110464}.Debug|x86.Build.0 = Debug|Win32
		{2C92EE10-63D6-4D88-A4FC-730038110464}.Release|Any CPU.ActiveCfg = Release|Win32
		{2C92EE10-63D6-4D88-A4FC-730038110464}.Release|x64.ActiveCfg = Release|x64
		{2C92EE10-63D6-4D88-A4FC-730038110464}.Release|x64.Build.0 = Release|x64
		{2C92EE10-63D6-4D88-A4FC-730038110464}.Release|x86.ActiveCfg = Release|Win32
		{2C92EE10-63D6-4D88-A4FC-730038110464}.Release|x86.Build.0 = Release|Win32
		{8C307657-E939-45C7-8D84-8A42EDFAF884}.Debug|Any CPU.ActiveCfg = Debug|Win32
		{8C307657-E939-45C7-8D84-8A42EDFAF884}.Debug|x64.ActiveCfg = Debug|x64
		{8C307657-E939-45C7-8D84-8A42EDFAF884}.Debug|x64.Build.0 = Debug|x64
		{8C307657-E939-45C7-8D84-8A42EDFAF884}.Debug|x86.ActiveCfg = Debug|Win32
		{8C307657-E939-45C7-8D84-8A42EDFAF884}.Debug|x86.Build.0 = Debug|Win32
		{8C307657-E939-45C7-8D84-8A42EDFAF884}.Release|Any CPU.ActiveCfg = Release|Win32
		{8C307657-E939-45C7-8D84-8A42EDFAF884}.Release|x64.ActiveCfg = Release|x64
		{8C307657-E939-45C7-8D84-8A42EDFAF884}.Release|x64.Build.0 = Release|x64
		{8C307657-E939-45C7-8D84-8A42EDFAF884}.Release|x86.ActiveCfg = Release|Win32
		{8C307657-E939-45C7-8D84-8A42EDFAF884}.Release|x86.Build.0 = Release|Win32
		{303D9DE7-0597-4DFA-A885-DB44D664A4E2}.Debug|Any CPU.ActiveCfg = Debug|Win32
		{303D9DE7-0597-4DFA-A885-DB44D664A4E2}.Debug|x64.ActiveCfg = Debug|x64
		{303D9DE7-0597-4DFA-A885-DB44D664A4E2}.Debug|x64.Build.0 = Debug|x64
		{303D9DE7-0597-4DFA-A885-DB44D664A4E2}.Debug|x86.ActiveCfg = Debug|Win32
		{303D9DE7-0597-4DFA-A885-DB44D664A4E2}.Debug|x86.Build.0 = Debug|Win32
		{303D9DE7-0597-4DFA-A885-DB44D664A4E2}.Release|Any CPU.ActiveCfg = Release|Win32
		{303D9DE7-0597-4DFA-A885-DB44D664A4E2}.Release|x64.ActiveCfg = Release|x64
		{303D9DE7-0597-4DFA-A885-DB44D664A4E2}.Release|x64.Build.0 = Release|x64
		{303D9DE7-0597-4DFA-A885-DB44D664A4E2}.Release|x86.ActiveCfg = Release|Win32
		{303D9DE7-0597-4DFA-A885-DB44D664A4E2}.Release|x86.Build.0 = Release|Win32
		{8F4B80A1-902C-4267-A6B5-0F9085B6D775}.Debug|Any CPU.ActiveCfg = Debug|Any CPU
		{8F4B80A1-902C-4267-A6B5-0F9085B6D775}.Debug|x64.ActiveCfg = Debug|Any CPU
		{8F4B80A1-902C-4267-A6B5-0F9085B6D775}.Debug|x64.Build.0 = Debug|Any CPU
		{8F4B80A1-902C-4267-A6B5-0F9085B6D775}.Debug|x86.ActiveCfg = Debug|Any CPU
		{8F4B80A1-902C-4267-A6B5-0F9085B6D775}.Debug|x86.Build.0 = Debug|Any CPU
		{8F4B80A1-902C-4267-A6B5-0F9085B6D775}.Release|Any CPU.ActiveCfg = Release|Any CPU
		{8F4B80A1-902C-4267-A6B5-0F9085B6D775}.Release|x64.ActiveCfg = Release|Any CPU
		{8F4B80A1-902C-4267-A6B5-0F9085B6D775}.Release|x64.Build.0 = Release|Any CPU
		{8F4B80A1-902C-4267-A6B5-0F9085B6D775}.Release|x86.ActiveCfg = Release|Any CPU
		{8F4B80A1-902C-4267-A6B5-0F9085B6D775}.Release|x86.Build.0 = Release|Any CPU
		{5FF2829E-C16A-4B17-BF9D-06D194C2A45D}.Debug|Any CPU.ActiveCfg = Debug|Any CPU
		{5FF2829E-C16A-4B17-BF9D-06D194C2A45D}.Debug|x64.ActiveCfg = Debug|Any CPU
		{5FF2829E-C16A-4B17-BF9D-06D194C2A45D}.Debug|x86.ActiveCfg = Debug|Any CPU
		{5FF2829E-C16A-4B17-BF9D-06D194C2A45D}.Release|Any CPU.ActiveCfg = Release|Any CPU
		{5FF2829E-C16A-4B17-BF9D-06D194C2A45D}.Release|x64.ActiveCfg = Release|Any CPU
		{5FF2829E-C16A-4B17-BF9D-06D194C2A45D}.Release|x86.ActiveCfg = Release|Any CPU
		{2682AF6B-EF44-45B5-8185-6BEA52E3B4D1}.Debug|Any CPU.ActiveCfg = Debug|Any CPU
		{2682AF6B-EF44-45B5-8185-6BEA52E3B4D1}.Debug|x64.ActiveCfg = Debug|Any CPU
		{2682AF6B-EF44-45B5-8185-6BEA52E3B4D1}.Debug|x86.ActiveCfg = Debug|Any CPU
		{2682AF6B-EF44-45B5-8185-6BEA52E3B4D1}.Release|Any CPU.ActiveCfg = Release|Any CPU
		{2682AF6B-EF44-45B5-8185-6BEA52E3B4D1}.Release|x64.ActiveCfg = Release|Any CPU
		{2682AF6B-EF44-45B5-8185-6BEA52E3B4D1}.Release|x86.ActiveCfg = Release|Any CPU
		{81245C56-BBC3-42BB-9D13-09B51013A826}.Debug|Any CPU.ActiveCfg = Debug|Win32
		{81245C56-BBC3-42BB-9D13-09B51013A826}.Debug|x64.ActiveCfg = Debug|x64
		{81245C56-BBC3-42BB-9D13-09B51013A826}.Debug|x64.Build.0 = Debug|x64
		{81245C56-BBC3-42BB-9D13-09B51013A826}.Debug|x86.ActiveCfg = Debug|Win32
		{81245C56-BBC3-42BB-9D13-09B51013A826}.Debug|x86.Build.0 = Debug|Win32
		{81245C56-BBC3-42BB-9D13-09B51013A826}.Release|Any CPU.ActiveCfg = Release|Win32
		{81245C56-BBC3-42BB-9D13-09B51013A826}.Release|x64.ActiveCfg = Release|x64
		{81245C56-BBC3-42BB-9D13-09B51013A826}.Release|x64.Build.0 = Release|x64
		{81245C56-BBC3-42BB-9D13-09B51013A826}.Release|x86.ActiveCfg = Release|Win32
		{81245C56-BBC3-42BB-9D13-09B51013A826}.Release|x86.Build.0 = Release|Win32
		{9BE9ABFA-46E2-4202-8485-E6105E09F2E8}.Debug|Any CPU.ActiveCfg = Debug|Win32
		{9BE9ABFA-46E2-4202-8485-E6105E09F2E8}.Debug|x64.ActiveCfg = Debug|x64
		{9BE9ABFA-46E2-4202-8485-E6105E09F2E8}.Debug|x64.Build.0 = Debug|x64
		{9BE9ABFA-46E2-4202-8485-E6105E09F2E8}.Debug|x86.ActiveCfg = Debug|Win32
		{9BE9ABFA-46E2-4202-8485-E6105E09F2E8}.Debug|x86.Build.0 = Debug|Win32
		{9BE9ABFA-46E2-4202-8485-E6105E09F2E8}.Release|Any CPU.ActiveCfg = Release|Win32
		{9BE9ABFA-46E2-4202-8485-E6105E09F2E8}.Release|x64.ActiveCfg = Release|x64
		{9BE9ABFA-46E2-4202-8485-E6105E09F2E8}.Release|x64.Build.0 = Release|x64
		{9BE9ABFA-46E2-4202-8485-E6105E09F2E8}.Release|x86.ActiveCfg = Release|Win32
		{9BE9ABFA-46E2-4202-8485-E6105E09F2E8}.Release|x86.Build.0 = Release|Win32
		{AED05329-FF7A-4571-A607-609A35DF761C}.Debug|Any CPU.ActiveCfg = Debug|Any CPU
		{AED05329-FF7A-4571-A607-609A35DF761C}.Debug|x64.ActiveCfg = Debug|Any CPU
		{AED05329-FF7A-4571-A607-609A35DF761C}.Debug|x64.Build.0 = Debug|Any CPU
		{AED05329-FF7A-4571-A607-609A35DF761C}.Debug|x86.ActiveCfg = Debug|Any CPU
		{AED05329-FF7A-4571-A607-609A35DF761C}.Debug|x86.Build.0 = Debug|Any CPU
		{AED05329-FF7A-4571-A607-609A35DF761C}.Release|Any CPU.ActiveCfg = Release|Any CPU
		{AED05329-FF7A-4571-A607-609A35DF761C}.Release|x64.ActiveCfg = Release|Any CPU
		{AED05329-FF7A-4571-A607-609A35DF761C}.Release|x64.Build.0 = Release|Any CPU
		{AED05329-FF7A-4571-A607-609A35DF761C}.Release|x86.ActiveCfg = Release|Any CPU
		{AED05329-FF7A-4571-A607-609A35DF761C}.Release|x86.Build.0 = Release|Any CPU
		{40AAF674-873A-4D7C-A5F6-0A6FF922EC3D}.Debug|Any CPU.ActiveCfg = Debug|Win32
		{40AAF674-873A-4D7C-A5F6-0A6FF922EC3D}.Debug|x64.ActiveCfg = Debug|x64
		{40AAF674-873A-4D7C-A5F6-0A6FF922EC3D}.Debug|x64.Build.0 = Debug|x64
		{40AAF674-873A-4D7C-A5F6-0A6FF922EC3D}.Debug|x86.ActiveCfg = Debug|Win32
		{40AAF674-873A-4D7C-A5F6-0A6FF922EC3D}.Debug|x86.Build.0 = Debug|Win32
		{40AAF674-873A-4D7C-A5F6-0A6FF922EC3D}.Release|Any CPU.ActiveCfg = Release|Win32
		{40AAF674-873A-4D7C-A5F6-0A6FF922EC3D}.Release|x64.ActiveCfg = Release|x64
		{40AAF674-873A-4D7C-A5F6-0A6FF922EC3D}.Release|x64.Build.0 = Release|x64
		{40AAF674-873A-4D7C-A5F6-0A6FF922EC3D}.Release|x86.ActiveCfg = Release|Win32
		{40AAF674-873A-4D7C-A5F6-0A6FF922EC3D}.Release|x86.Build.0 = Release|Win32
		{78F0E2BF-1BE7-4DD3-8044-FF7FCA49F470}.Debug|Any CPU.ActiveCfg = Debug|Win32
		{78F0E2BF-1BE7-4DD3-8044-FF7FCA49F470}.Debug|x64.ActiveCfg = Debug|x64
		{78F0E2BF-1BE7-4DD3-8044-FF7FCA49F470}.Debug|x64.Build.0 = Debug|x64
		{78F0E2BF-1BE7-4DD3-8044-FF7FCA49F470}.Debug|x86.ActiveCfg = Debug|Win32
		{78F0E2BF-1BE7-4DD3-8044-FF7FCA49F470}.Debug|x86.Build.0 = Debug|Win32
		{78F0E2BF-1BE7-4DD3-8044-FF7FCA49F470}.Release|Any CPU.ActiveCfg = Release|Win32
		{78F0E2BF-1BE7-4DD3-8044-FF7FCA49F470}.Release|x64.ActiveCfg = Release|x64
		{78F0E2BF-1BE7-4DD3-8044-FF7FCA49F470}.Release|x64.Build.0 = Release|x64
		{78F0E2BF-1BE7-4DD3-8044-FF7FCA49F470}.Release|x86.ActiveCfg = Release|Win32
		{78F0E2BF-1BE7-4DD3-8044-FF7FCA49F470}.Release|x86.Build.0 = Release|Win32
		{2065EFE2-FEEB-438C-9BEB-58DA21FB5069}.Debug|Any CPU.ActiveCfg = Debug|Win32
		{2065EFE2-FEEB-438C-9BEB-58DA21FB5069}.Debug|x64.ActiveCfg = Debug|x64
		{2065EFE2-FEEB-438C-9BEB-58DA21FB5069}.Debug|x64.Build.0 = Debug|x64
		{2065EFE2-FEEB-438C-9BEB-58DA21FB5069}.Debug|x86.ActiveCfg = Debug|Win32
		{2065EFE2-FEEB-438C-9BEB-58DA21FB5069}.Debug|x86.Build.0 = Debug|Win32
		{2065EFE2-FEEB-438C-9BEB-58DA21FB5069}.Release|Any CPU.ActiveCfg = Release|Win32
		{2065EFE2-FEEB-438C-9BEB-58DA21FB5069}.Release|x64.ActiveCfg = Release|x64
		{2065EFE2-FEEB-438C-9BEB-58DA21FB5069}.Release|x64.Build.0 = Release|x64
		{2065EFE2-FEEB-438C-9BEB-58DA21FB5069}.Release|x86.ActiveCfg = Release|Win32
		{2065EFE2-FEEB-438C-9BEB-58DA21FB5069}.Release|x86.Build.0 = Release|Win32
		{2FA2E585-3ED9-4827-B3ED-7B2DD4C101C2}.Debug|Any CPU.ActiveCfg = Debug|Any CPU
		{2FA2E585-3ED9-4827-B3ED-7B2DD4C101C2}.Debug|x64.ActiveCfg = Debug|Any CPU
		{2FA2E585-3ED9-4827-B3ED-7B2DD4C101C2}.Debug|x86.ActiveCfg = Debug|Any CPU
		{2FA2E585-3ED9-4827-B3ED-7B2DD4C101C2}.Release|Any CPU.ActiveCfg = Release|Any CPU
		{2FA2E585-3ED9-4827-B3ED-7B2DD4C101C2}.Release|x64.ActiveCfg = Release|Any CPU
		{2FA2E585-3ED9-4827-B3ED-7B2DD4C101C2}.Release|x86.ActiveCfg = Release|Any CPU
		{7066FCB8-CB3F-4513-A980-BCC86B9782B9}.Debug|Any CPU.ActiveCfg = Debug|Win32
		{7066FCB8-CB3F-4513-A980-BCC86B9782B9}.Debug|x64.ActiveCfg = Debug|x64
		{7066FCB8-CB3F-4513-A980-BCC86B9782B9}.Debug|x64.Build.0 = Debug|x64
		{7066FCB8-CB3F-4513-A980-BCC86B9782B9}.Debug|x86.ActiveCfg = Debug|Win32
		{7066FCB8-CB3F-4513-A980-BCC86B9782B9}.Debug|x86.Build.0 = Debug|Win32
		{7066FCB8-CB3F-4513-A980-BCC86B9782B9}.Release|Any CPU.ActiveCfg = Release|Win32
		{7066FCB8-CB3F-4513-A980-BCC86B9782B9}.Release|x64.ActiveCfg = Release|x64
		{7066FCB8-CB3F-4513-A980-BCC86B9782B9}.Release|x64.Build.0 = Release|x64
		{7066FCB8-CB3F-4513-A980-BCC86B9782B9}.Release|x86.ActiveCfg = Release|Win32
		{7066FCB8-CB3F-4513-A980-BCC86B9782B9}.Release|x86.Build.0 = Release|Win32
		{B37B4C11-E1F5-4508-9EAE-D4E4FA67666C}.Debug|Any CPU.ActiveCfg = Debug|Win32
		{B37B4C11-E1F5-4508-9EAE-D4E4FA67666C}.Debug|x64.ActiveCfg = Debug|x64
		{B37B4C11-E1F5-4508-9EAE-D4E4FA67666C}.Debug|x64.Build.0 = Debug|x64
		{B37B4C11-E1F5-4508-9EAE-D4E4FA67666C}.Debug|x86.ActiveCfg = Debug|Win32
		{B37B4C11-E1F5-4508-9EAE-D4E4FA67666C}.Debug|x86.Build.0 = Debug|Win32
		{B37B4C11-E1F5-4508-9EAE-D4E4FA67666C}.Release|Any CPU.ActiveCfg = Release|Win32
		{B37B4C11-E1F5-4508-9EAE-D4E4FA67666C}.Release|x64.ActiveCfg = Release|x64
		{B37B4C11-E1F5-4508-9EAE-D4E4FA67666C}.Release|x64.Build.0 = Release|x64
		{B37B4C11-E1F5-4508-9EAE-D4E4FA67666C}.Release|x86.ActiveCfg = Release|Win32
		{B37B4C11-E1F5-4508-9EAE-D4E4FA67666C}.Release|x86.Build.0 = Release|Win32
		{EBD214D6-A6F1-43BF-A3AD-60D5410AC244}.Debug|Any CPU.ActiveCfg = Debug|Any CPU
		{EBD214D6-A6F1-43BF-A3AD-60D5410AC244}.Debug|Any CPU.Build.0 = Debug|Any CPU
		{EBD214D6-A6F1-43BF-A3AD-60D5410AC244}.Debug|x64.ActiveCfg = Debug|Any CPU
		{EBD214D6-A6F1-43BF-A3AD-60D5410AC244}.Debug|x64.Build.0 = Debug|Any CPU
		{EBD214D6-A6F1-43BF-A3AD-60D5410AC244}.Debug|x86.ActiveCfg = Debug|Any CPU
		{EBD214D6-A6F1-43BF-A3AD-60D5410AC244}.Debug|x86.Build.0 = Debug|Any CPU
		{EBD214D6-A6F1-43BF-A3AD-60D5410AC244}.Release|Any CPU.ActiveCfg = Release|Any CPU
		{EBD214D6-A6F1-43BF-A3AD-60D5410AC244}.Release|Any CPU.Build.0 = Release|Any CPU
		{EBD214D6-A6F1-43BF-A3AD-60D5410AC244}.Release|x64.ActiveCfg = Release|Any CPU
		{EBD214D6-A6F1-43BF-A3AD-60D5410AC244}.Release|x64.Build.0 = Release|Any CPU
		{EBD214D6-A6F1-43BF-A3AD-60D5410AC244}.Release|x86.ActiveCfg = Release|Any CPU
		{EBD214D6-A6F1-43BF-A3AD-60D5410AC244}.Release|x86.Build.0 = Release|Any CPU
		{B71081EE-402E-4106-AC15-8BAA7B0A6FBF}.Debug|Any CPU.ActiveCfg = Debug|Any CPU
		{B71081EE-402E-4106-AC15-8BAA7B0A6FBF}.Debug|Any CPU.Build.0 = Debug|Any CPU
		{B71081EE-402E-4106-AC15-8BAA7B0A6FBF}.Debug|x64.ActiveCfg = Debug|Any CPU
		{B71081EE-402E-4106-AC15-8BAA7B0A6FBF}.Debug|x64.Build.0 = Debug|Any CPU
		{B71081EE-402E-4106-AC15-8BAA7B0A6FBF}.Debug|x86.ActiveCfg = Debug|Any CPU
		{B71081EE-402E-4106-AC15-8BAA7B0A6FBF}.Debug|x86.Build.0 = Debug|Any CPU
		{B71081EE-402E-4106-AC15-8BAA7B0A6FBF}.Release|Any CPU.ActiveCfg = Release|Any CPU
		{B71081EE-402E-4106-AC15-8BAA7B0A6FBF}.Release|Any CPU.Build.0 = Release|Any CPU
		{B71081EE-402E-4106-AC15-8BAA7B0A6FBF}.Release|x64.ActiveCfg = Release|Any CPU
		{B71081EE-402E-4106-AC15-8BAA7B0A6FBF}.Release|x64.Build.0 = Release|Any CPU
		{B71081EE-402E-4106-AC15-8BAA7B0A6FBF}.Release|x86.ActiveCfg = Release|Any CPU
		{B71081EE-402E-4106-AC15-8BAA7B0A6FBF}.Release|x86.Build.0 = Release|Any CPU
	EndGlobalSection
	GlobalSection(SolutionProperties) = preSolution
		HideSolutionNode = FALSE
	EndGlobalSection
	GlobalSection(ExtensibilityGlobals) = postSolution
		SolutionGuid = {D1E3397B-284E-4CDA-9623-67389EF891E9}
	EndGlobalSection
	GlobalSection(Performance) = preSolution
		HasPerformanceSessions = true
	EndGlobalSection
EndGlobal
